// !$*UTF8*$!
{
	archiveVersion = 1;
	classes = {
	};
	objectVersion = 46;
	objects = {

/* Begin PBXBuildFile section */
		9CEF21C6190E349C00C7E33B /* main.cpp in Sources */ = {isa = PBXBuildFile; fileRef = 9CEF21C5190E349C00C7E33B /* main.cpp */; };
		9CEF21D0190E34B000C7E33B /* BufferManager.cpp in Sources */ = {isa = PBXBuildFile; fileRef = 9CEF21CE190E34B000C7E33B /* BufferManager.cpp */; };
		9CEF21D3190E351200C7E33B /* BufferFrame.cpp in Sources */ = {isa = PBXBuildFile; fileRef = 9CEF21D1190E351200C7E33B /* BufferFrame.cpp */; };
/* End PBXBuildFile section */

/* Begin PBXCopyFilesBuildPhase section */
		9CEF21C0190E349C00C7E33B /* CopyFiles */ = {
			isa = PBXCopyFilesBuildPhase;
			buildActionMask = 2147483647;
			dstPath = /usr/share/man/man1/;
			dstSubfolderSpec = 0;
			files = (
			);
			runOnlyForDeploymentPostprocessing = 1;
		};
/* End PBXCopyFilesBuildPhase section */

/* Begin PBXFileReference section */
		9CEF21C2190E349C00C7E33B /* BufferManager */ = {isa = PBXFileReference; explicitFileType = "compiled.mach-o.executable"; includeInIndex = 0; path = BufferManager; sourceTree = BUILT_PRODUCTS_DIR; };
		9CEF21C5190E349C00C7E33B /* main.cpp */ = {isa = PBXFileReference; lastKnownFileType = sourcecode.cpp.cpp; path = main.cpp; sourceTree = "<group>"; };
		9CEF21CE190E34B000C7E33B /* BufferManager.cpp */ = {isa = PBXFileReference; fileEncoding = 4; lastKnownFileType = sourcecode.cpp.cpp; path = BufferManager.cpp; sourceTree = "<group>"; };
		9CEF21CF190E34B000C7E33B /* BufferManager.h */ = {isa = PBXFileReference; fileEncoding = 4; lastKnownFileType = sourcecode.c.h; path = BufferManager.h; sourceTree = "<group>"; };
		9CEF21D1190E351200C7E33B /* BufferFrame.cpp */ = {isa = PBXFileReference; fileEncoding = 4; lastKnownFileType = sourcecode.cpp.cpp; path = BufferFrame.cpp; sourceTree = "<group>"; };
		9CEF21D2190E351200C7E33B /* BufferFrame.h */ = {isa = PBXFileReference; fileEncoding = 4; lastKnownFileType = sourcecode.c.h; path = BufferFrame.h; sourceTree = "<group>"; };
/* End PBXFileReference section */

/* Begin PBXFrameworksBuildPhase section */
		9CEF21BF190E349C00C7E33B /* Frameworks */ = {
			isa = PBXFrameworksBuildPhase;
			buildActionMask = 2147483647;
			files = (
			);
			runOnlyForDeploymentPostprocessing = 0;
		};
/* End PBXFrameworksBuildPhase section */

/* Begin PBXGroup section */
		9CEF21B9190E349C00C7E33B = {
			isa = PBXGroup;
			children = (
				9CEF21C4190E349C00C7E33B /* BufferManager */,
				9CEF21C3190E349C00C7E33B /* Products */,
			);
			sourceTree = "<group>";
		};
		9CEF21C3190E349C00C7E33B /* Products */ = {
			isa = PBXGroup;
			children = (
				9CEF21C2190E349C00C7E33B /* BufferManager */,
			);
			name = Products;
			sourceTree = "<group>";
		};
		9CEF21C4190E349C00C7E33B /* BufferManager */ = {
			isa = PBXGroup;
			children = (
				9CEF21C5190E349C00C7E33B /* main.cpp */,
				9CEF21CE190E34B000C7E33B /* BufferManager.cpp */,
				9CEF21CF190E34B000C7E33B /* BufferManager.h */,
				9CEF21D1190E351200C7E33B /* BufferFrame.cpp */,
				9CEF21D2190E351200C7E33B /* BufferFrame.h */,
			);
			path = BufferManager;
			sourceTree = "<group>";
		};
/* End PBXGroup section */

/* Begin PBXNativeTarget section */
		9CEF21C1190E349C00C7E33B /* BufferManager */ = {
			isa = PBXNativeTarget;
			buildConfigurationList = 9CEF21CB190E349C00C7E33B /* Build configuration list for PBXNativeTarget "BufferManager" */;
			buildPhases = (
				9CEF21BE190E349C00C7E33B /* Sources */,
				9CEF21BF190E349C00C7E33B /* Frameworks */,
				9CEF21C0190E349C00C7E33B /* CopyFiles */,
			);
			buildRules = (
			);
			dependencies = (
			);
			name = BufferManager;
			productName = BufferManager;
			productReference = 9CEF21C2190E349C00C7E33B /* BufferManager */;
			productType = "com.apple.product-type.tool";
		};
/* End PBXNativeTarget section */

/* Begin PBXProject section */
		9CEF21BA190E349C00C7E33B /* Project object */ = {
			isa = PBXProject;
			attributes = {
				LastUpgradeCheck = 0510;
			};
			buildConfigurationList = 9CEF21BD190E349C00C7E33B /* Build configuration list for PBXProject "BufferManager" */;
			compatibilityVersion = "Xcode 3.2";
			developmentRegion = English;
			hasScannedForEncodings = 0;
			knownRegions = (
				en,
			);
			mainGroup = 9CEF21B9190E349C00C7E33B;
			productRefGroup = 9CEF21C3190E349C00C7E33B /* Products */;
			projectDirPath = "";
			projectRoot = "";
			targets = (
				9CEF21C1190E349C00C7E33B /* BufferManager */,
			);
		};
/* End PBXProject section */

/* Begin PBXSourcesBuildPhase section */
		9CEF21BE190E349C00C7E33B /* Sources */ = {
			isa = PBXSourcesBuildPhase;
			buildActionMask = 2147483647;
			files = (
				9CEF21D3190E351200C7E33B /* BufferFrame.cpp in Sources */,
				9CEF21C6190E349C00C7E33B /* main.cpp in Sources */,
				9CEF21D0190E34B000C7E33B /* BufferManager.cpp in Sources */,
			);
			runOnlyForDeploymentPostprocessing = 0;
		};
/* End PBXSourcesBuildPhase section */

/* Begin XCBuildConfiguration section */
		9CEF21C9190E349C00C7E33B /* Debug */ = {
			isa = XCBuildConfiguration;
			buildSettings = {
				ALWAYS_SEARCH_USER_PATHS = NO;
				CLANG_CXX_LANGUAGE_STANDARD = "gnu++0x";
				CLANG_CXX_LIBRARY = "libc++";
				CLANG_ENABLE_MODULES = YES;
				CLANG_ENABLE_OBJC_ARC = YES;
				CLANG_WARN_BOOL_CONVERSION = YES;
				CLANG_WARN_CONSTANT_CONVERSION = YES;
				CLANG_WARN_DIRECT_OBJC_ISA_USAGE = YES_ERROR;
				CLANG_WARN_EMPTY_BODY = YES;
				CLANG_WARN_ENUM_CONVERSION = YES;
				CLANG_WARN_INT_CONVERSION = YES;
				CLANG_WARN_OBJC_ROOT_CLASS = YES_ERROR;
				CLANG_WARN__DUPLICATE_METHOD_MATCH = YES;
				COPY_PHASE_STRIP = NO;
				GCC_C_LANGUAGE_STANDARD = gnu99;
				GCC_DYNAMIC_NO_PIC = NO;
				GCC_ENABLE_OBJC_EXCEPTIONS = YES;
				GCC_OPTIMIZATION_LEVEL = 0;
				GCC_PREPROCESSOR_DEFINITIONS = (
					"DEBUG=1",
					"$(inherited)",
				);
				GCC_SYMBOLS_PRIVATE_EXTERN = NO;
				GCC_WARN_64_TO_32_BIT_CONVERSION = YES;
				GCC_WARN_ABOUT_RETURN_TYPE = YES_ERROR;
				GCC_WARN_UNDECLARED_SELECTOR = YES;
				GCC_WARN_UNINITIALIZED_AUTOS = YES_AGGRESSIVE;
				GCC_WARN_UNUSED_FUNCTION = YES;
				GCC_WARN_UNUSED_VARIABLE = YES;
				MACOSX_DEPLOYMENT_TARGET = 10.9;
				ONLY_ACTIVE_ARCH = YES;
				SDKROOT = macosx;
			};
			name = Debug;
		};
		9CEF21CA190E349C00C7E33B /* Release */ = {
			isa = XCBuildConfiguration;
			buildSettings = {
				ALWAYS_SEARCH_USER_PATHS = NO;
				CLANG_CXX_LANGUAGE_STANDARD = "gnu++0x";
				CLANG_CXX_LIBRARY = "libc++";
				CLANG_ENABLE_MODULES = YES;
				CLANG_ENABLE_OBJC_ARC = YES;
				CLANG_WARN_BOOL_CONVERSION = YES;
				CLANG_WARN_CONSTANT_CONVERSION = YES;
				CLANG_WARN_DIRECT_OBJC_ISA_USAGE = YES_ERROR;
				CLANG_WARN_EMPTY_BODY = YES;
				CLANG_WARN_ENUM_CONVERSION = YES;
				CLANG_WARN_INT_CONVERSION = YES;
				CLANG_WARN_OBJC_ROOT_CLASS = YES_ERROR;
				CLANG_WARN__DUPLICATE_METHOD_MATCH = YES;
				COPY_PHASE_STRIP = YES;
				DEBUG_INFORMATION_FORMAT = "dwarf-with-dsym";
				ENABLE_NS_ASSERTIONS = NO;
				GCC_C_LANGUAGE_STANDARD = gnu99;
				GCC_ENABLE_OBJC_EXCEPTIONS = YES;
				GCC_WARN_64_TO_32_BIT_CONVERSION = YES;
				GCC_WARN_ABOUT_RETURN_TYPE = YES_ERROR;
				GCC_WARN_UNDECLARED_SELECTOR = YES;
				GCC_WARN_UNINITIALIZED_AUTOS = YES_AGGRESSIVE;
				GCC_WARN_UNUSED_FUNCTION = YES;
				GCC_WARN_UNUSED_VARIABLE = YES;
				MACOSX_DEPLOYMENT_TARGET = 10.9;
				SDKROOT = macosx;
			};
			name = Release;
		};
		9CEF21CC190E349C00C7E33B /* Debug */ = {
			isa = XCBuildConfiguration;
			buildSettings = {
				PRODUCT_NAME = "$(TARGET_NAME)";
			};
			name = Debug;
		};
		9CEF21CD190E349C00C7E33B /* Release */ = {
			isa = XCBuildConfiguration;
			buildSettings = {
				PRODUCT_NAME = "$(TARGET_NAME)";
			};
			name = Release;
		};
/* End XCBuildConfiguration section */

/* Begin XCConfigurationList section */
		9CEF21BD190E349C00C7E33B /* Build configuration list for PBXProject "BufferManager" */ = {
			isa = XCConfigurationList;
			buildConfigurations = (
				9CEF21C9190E349C00C7E33B /* Debug */,
				9CEF21CA190E349C00C7E33B /* Release */,
			);
			defaultConfigurationIsVisible = 0;
			defaultConfigurationName = Release;
		};
		9CEF21CB190E349C00C7E33B /* Build configuration list for PBXNativeTarget "BufferManager" */ = {
			isa = XCConfigurationList;
			buildConfigurations = (
				9CEF21CC190E349C00C7E33B /* Debug */,
				9CEF21CD190E349C00C7E33B /* Release */,
			);
			defaultConfigurationIsVisible = 0;
		};
/* End XCConfigurationList section */
	};
	rootObject = 9CEF21BA190E349C00C7E33B /* Project object */;
}
